
Microsoft Visual Studio Solution File, Format Version 12.00
# Visual Studio Version 17
VisualStudioVersion = 17.7.34031.279
MinimumVisualStudioVersion = 10.0.40219.1
Project("{FAE04EC0-301F-11D3-BF4B-00C04F79EFBC}") = "LinHexShell", "LinHexShell.csproj", "{17124339-CECD-45BF-8C16-F4FFB854F4EA}"
EndProject
Global
	GlobalSection(SolutionConfigurationPlatforms) = preSolution
		Debug|Any CPU = Debug|Any CPU
		Release|Any CPU = Release|Any CPU
	EndGlobalSection
	GlobalSection(ProjectConfigurationPlatforms) = postSolution
		{17124339-CECD-45BF-8C16-F4FFB854F4EA}.Debug|Any CPU.ActiveCfg = Debug|Any CPU
		{17124339-CECD-45BF-8C16-F4FFB854F4EA}.Debug|Any CPU.Build.0 = Debug|Any CPU
		{17124339-CECD-45BF-8C16-F4FFB854F4EA}.Release|Any CPU.ActiveCfg = Release|Any CPU
		{17124339-CECD-45BF-8C16-F4FFB854F4EA}.Release|Any CPU.Build.0 = Release|Any CPU
	EndGlobalSection
	GlobalSection(SolutionProperties) = preSolution
		HideSolutionNode = FALSE
	EndGlobalSection
	GlobalSection(ExtensibilityGlobals) = postSolution
		SolutionGuid = {7AF5C3BF-37AA-4821-A52E-0481056EA083}
	EndGlobalSection
EndGlobal
